
Microsoft Visual Studio Solution File, Format Version 12.00
# Visual Studio Version 16
VisualStudioVersion = 16.0.30804.86
MinimumVisualStudioVersion = 10.0.40219.1
Project("{9A19103F-16F7-4668-BE54-9A1E7A4F7556}") = "KanbanBoard", "KanbanBoard\KanbanBoard.csproj", "{FBEA9301-E57C-4282-8486-76E9ED722C1F}"
EndProject
Global
	GlobalSection(SolutionConfigurationPlatforms) = preSolution
		Debug|Any CPU = Debug|Any CPU
		Release|Any CPU = Release|Any CPU
	EndGlobalSection
	GlobalSection(ProjectConfigurationPlatforms) = postSolution
		{FBEA9301-E57C-4282-8486-76E9ED722C1F}.Debug|Any CPU.ActiveCfg = Debug|Any CPU
		{FBEA9301-E57C-4282-8486-76E9ED722C1F}.Debug|Any CPU.Build.0 = Debug|Any CPU
		{FBEA9301-E57C-4282-8486-76E9ED722C1F}.Release|Any CPU.ActiveCfg = Release|Any CPU
		{FBEA9301-E57C-4282-8486-76E9ED722C1F}.Release|Any CPU.Build.0 = Release|Any CPU
	EndGlobalSection
	GlobalSection(SolutionProperties) = preSolution
		HideSolutionNode = FALSE
	EndGlobalSection
	GlobalSection(ExtensibilityGlobals) = postSolution
		SolutionGuid = {39853E4A-830D-4F6F-B6F0-CEB9CA5C526D}
	EndGlobalSection
EndGlobal
